// !$*UTF8*$!
{
	archiveVersion = 1;
	classes = {
	};
	objectVersion = 50;
	objects = {

/* Begin PBXBuildFile section */
		BA94E1BB248D3348008E143E /* UserData.swift in Sources */ = {isa = PBXBuildFile; fileRef = BA94E1BA248D3348008E143E /* UserData.swift */; };
		BA94E1BD248D45DC008E143E /* PuzzleStoryViewController.swift in Sources */ = {isa = PBXBuildFile; fileRef = BA94E1BC248D45DC008E143E /* PuzzleStoryViewController.swift */; };
		BAA1138D248C16240008F57D /* AppDelegate.swift in Sources */ = {isa = PBXBuildFile; fileRef = BAA1138C248C16240008F57D /* AppDelegate.swift */; };
		BAA1138F248C16240008F57D /* SceneDelegate.swift in Sources */ = {isa = PBXBuildFile; fileRef = BAA1138E248C16240008F57D /* SceneDelegate.swift */; };
		BAA11391248C16240008F57D /* ViewController.swift in Sources */ = {isa = PBXBuildFile; fileRef = BAA11390248C16240008F57D /* ViewController.swift */; };
		BAA11394248C16240008F57D /* Main.storyboard in Resources */ = {isa = PBXBuildFile; fileRef = BAA11392248C16240008F57D /* Main.storyboard */; };
		BAA11396248C16260008F57D /* Assets.xcassets in Resources */ = {isa = PBXBuildFile; fileRef = BAA11395248C16260008F57D /* Assets.xcassets */; };
		BAA11399248C16260008F57D /* LaunchScreen.storyboard in Resources */ = {isa = PBXBuildFile; fileRef = BAA11397248C16260008F57D /* LaunchScreen.storyboard */; };
/* End PBXBuildFile section */

/* Begin PBXFileReference section */
		BA94E1BA248D3348008E143E /* UserData.swift */ = {isa = PBXFileReference; lastKnownFileType = sourcecode.swift; path = UserData.swift; sourceTree = "<group>"; };
		BA94E1BC248D45DC008E143E /* PuzzleStoryViewController.swift */ = {isa = PBXFileReference; lastKnownFileType = sourcecode.swift; path = PuzzleStoryViewController.swift; sourceTree = "<group>"; };
		BAA11389248C16240008F57D /* Tell Me Story.app */ = {isa = PBXFileReference; explicitFileType = wrapper.application; includeInIndex = 0; path = "Tell Me Story.app"; sourceTree = BUILT_PRODUCTS_DIR; };
		BAA1138C248C16240008F57D /* AppDelegate.swift */ = {isa = PBXFileReference; lastKnownFileType = sourcecode.swift; path = AppDelegate.swift; sourceTree = "<group>"; };
		BAA1138E248C16240008F57D /* SceneDelegate.swift */ = {isa = PBXFileReference; lastKnownFileType = sourcecode.swift; path = SceneDelegate.swift; sourceTree = "<group>"; };
		BAA11390248C16240008F57D /* ViewController.swift */ = {isa = PBXFileReference; lastKnownFileType = sourcecode.swift; path = ViewController.swift; sourceTree = "<group>"; };
		BAA11393248C16240008F57D /* Base */ = {isa = PBXFileReference; lastKnownFileType = file.storyboard; name = Base; path = Base.lproj/Main.storyboard; sourceTree = "<group>"; };
		BAA11395248C16260008F57D /* Assets.xcassets */ = {isa = PBXFileReference; lastKnownFileType = folder.assetcatalog; path = Assets.xcassets; sourceTree = "<group>"; };
		BAA11398248C16260008F57D /* Base */ = {isa = PBXFileReference; lastKnownFileType = file.storyboard; name = Base; path = Base.lproj/LaunchScreen.storyboard; sourceTree = "<group>"; };
		BAA1139A248C16260008F57D /* Info.plist */ = {isa = PBXFileReference; lastKnownFileType = text.plist.xml; path = Info.plist; sourceTree = "<group>"; };
/* End PBXFileReference section */

/* Begin PBXFrameworksBuildPhase section */
		BAA11386248C16240008F57D /* Frameworks */ = {
			isa = PBXFrameworksBuildPhase;
			buildActionMask = 2147483647;
			files = (
			);
			runOnlyForDeploymentPostprocessing = 0;
		};
/* End PBXFrameworksBuildPhase section */

/* Begin PBXGroup section */
		BAA11380248C16240008F57D = {
			isa = PBXGroup;
			children = (
				BAA1138B248C16240008F57D /* Tell Me Story */,
				BAA1138A248C16240008F57D /* Products */,
			);
			sourceTree = "<group>";
		};
		BAA1138A248C16240008F57D /* Products */ = {
			isa = PBXGroup;
			children = (
				BAA11389248C16240008F57D /* Tell Me Story.app */,
			);
			name = Products;
			sourceTree = "<group>";
		};
		BAA1138B248C16240008F57D /* Tell Me Story */ = {
			isa = PBXGroup;
			children = (
				BAA1138C248C16240008F57D /* AppDelegate.swift */,
				BAA1138E248C16240008F57D /* SceneDelegate.swift */,
				BAA11390248C16240008F57D /* ViewController.swift */,
				BAA11392248C16240008F57D /* Main.storyboard */,
				BAA11395248C16260008F57D /* Assets.xcassets */,
				BAA11397248C16260008F57D /* LaunchScreen.storyboard */,
				BAA1139A248C16260008F57D /* Info.plist */,
				BA94E1BA248D3348008E143E /* UserData.swift */,
				BA94E1BC248D45DC008E143E /* PuzzleStoryViewController.swift */,
			);
			path = "Tell Me Story";
			sourceTree = "<group>";
		};
/* End PBXGroup section */

/* Begin PBXNativeTarget section */
		BAA11388248C16240008F57D /* Tell Me Story */ = {
			isa = PBXNativeTarget;
			buildConfigurationList = BAA1139D248C16260008F57D /* Build configuration list for PBXNativeTarget "Tell Me Story" */;
			buildPhases = (
				BAA11385248C16240008F57D /* Sources */,
				BAA11386248C16240008F57D /* Frameworks */,
				BAA11387248C16240008F57D /* Resources */,
			);
			buildRules = (
			);
			dependencies = (
			);
			name = "Tell Me Story";
			productName = "Tell Me Story";
			productReference = BAA11389248C16240008F57D /* Tell Me Story.app */;
			productType = "com.apple.product-type.application";
		};
/* End PBXNativeTarget section */

/* Begin PBXProject section */
		BAA11381248C16240008F57D /* Project object */ = {
			isa = PBXProject;
			attributes = {
				LastSwiftUpdateCheck = 1150;
				LastUpgradeCheck = 1150;
				ORGANIZATIONNAME = "Edwin Sendjaja Inc";
				TargetAttributes = {
					BAA11388248C16240008F57D = {
						CreatedOnToolsVersion = 11.5;
					};
				};
			};
			buildConfigurationList = BAA11384248C16240008F57D /* Build configuration list for PBXProject "Tell Me Story" */;
			compatibilityVersion = "Xcode 9.3";
			developmentRegion = en;
			hasScannedForEncodings = 0;
			knownRegions = (
				en,
				Base,
			);
			mainGroup = BAA11380248C16240008F57D;
			productRefGroup = BAA1138A248C16240008F57D /* Products */;
			projectDirPath = "";
			projectRoot = "";
			targets = (
				BAA11388248C16240008F57D /* Tell Me Story */,
			);
		};
/* End PBXProject section */

/* Begin PBXResourcesBuildPhase section */
		BAA11387248C16240008F57D /* Resources */ = {
			isa = PBXResourcesBuildPhase;
			buildActionMask = 2147483647;
			files = (
				BAA11399248C16260008F57D /* LaunchScreen.storyboard in Resources */,
				BAA11396248C16260008F57D /* Assets.xcassets in Resources */,
				BAA11394248C16240008F57D /* Main.storyboard in Resources */,
			);
			runOnlyForDeploymentPostprocessing = 0;
		};
/* End PBXResourcesBuildPhase section */

/* Begin PBXSourcesBuildPhase section */
		BAA11385248C16240008F57D /* Sources */ = {
			isa = PBXSourcesBuildPhase;
			buildActionMask = 2147483647;
			files = (
				BA94E1BD248D45DC008E143E /* PuzzleStoryViewController.swift in Sources */,
				BAA11391248C16240008F57D /* ViewController.swift in Sources */,
				BAA1138D248C16240008F57D /* AppDelegate.swift in Sources */,
				BA94E1BB248D3348008E143E /* UserData.swift in Sources */,
				BAA1138F248C16240008F57D /* SceneDelegate.swift in Sources */,
			);
			runOnlyForDeploymentPostprocessing = 0;
		};
/* End PBXSourcesBuildPhase section */

/* Begin PBXVariantGroup section */
		BAA11392248C16240008F57D /* Main.storyboard */ = {
			isa = PBXVariantGroup;
			children = (
				BAA11393248C16240008F57D /* Base */,
			);
			name = Main.storyboard;
			sourceTree = "<group>";
		};
		BAA11397248C16260008F57D /* LaunchScreen.storyboard */ = {
			isa = PBXVariantGroup;
			children = (
				BAA11398248C16260008F57D /* Base */,
			);
			name = LaunchScreen.storyboard;
			sourceTree = "<group>";
		};
/* End PBXVariantGroup section */

/* Begin XCBuildConfiguration section */
		BAA1139B248C16260008F57D /* Debug */ = {
			isa = XCBuildConfiguration;
			buildSettings = {
				ALWAYS_SEARCH_USER_PATHS = NO;
				CLANG_ANALYZER_NONNULL = YES;
				CLANG_ANALYZER_NUMBER_OBJECT_CONVERSION = YES_AGGRESSIVE;
				CLANG_CXX_LANGUAGE_STANDARD = "gnu++14";
				CLANG_CXX_LIBRARY = "libc++";
				CLANG_ENABLE_MODULES = YES;
				CLANG_ENABLE_OBJC_ARC = YES;
				CLANG_ENABLE_OBJC_WEAK = YES;
				CLANG_WARN_BLOCK_CAPTURE_AUTORELEASING = YES;
				CLANG_WARN_BOOL_CONVERSION = YES;
				CLANG_WARN_COMMA = YES;
				CLANG_WARN_CONSTANT_CONVERSION = YES;
				CLANG_WARN_DEPRECATED_OBJC_IMPLEMENTATIONS = YES;
				CLANG_WARN_DIRECT_OBJC_ISA_USAGE = YES_ERROR;
				CLANG_WARN_DOCUMENTATION_COMMENTS = YES;
				CLANG_WARN_EMPTY_BODY = YES;
				CLANG_WARN_ENUM_CONVERSION = YES;
				CLANG_WARN_INFINITE_RECURSION = YES;
				CLANG_WARN_INT_CONVERSION = YES;
				CLANG_WARN_NON_LITERAL_NULL_CONVERSION = YES;
				CLANG_WARN_OBJC_IMPLICIT_RETAIN_SELF = YES;
				CLANG_WARN_OBJC_LITERAL_CONVERSION = YES;
				CLANG_WARN_OBJC_ROOT_CLASS = YES_ERROR;
				CLANG_WARN_RANGE_LOOP_ANALYSIS = YES;
				CLANG_WARN_STRICT_PROTOTYPES = YES;
				CLANG_WARN_SUSPICIOUS_MOVE = YES;
				CLANG_WARN_UNGUARDED_AVAILABILITY = YES_AGGRESSIVE;
				CLANG_WARN_UNREACHABLE_CODE = YES;
				CLANG_WARN__DUPLICATE_METHOD_MATCH = YES;
				COPY_PHASE_STRIP = NO;
				DEBUG_INFORMATION_FORMAT = dwarf;
				ENABLE_STRICT_OBJC_MSGSEND = YES;
				ENABLE_TESTABILITY = YES;
				GCC_C_LANGUAGE_STANDARD = gnu11;
				GCC_DYNAMIC_NO_PIC = NO;
				GCC_NO_COMMON_BLOCKS = YES;
				GCC_OPTIMIZATION_LEVEL = 0;
				GCC_PREPROCESSOR_DEFINITIONS = (
					"DEBUG=1",
					"$(inherited)",
				);
				GCC_WARN_64_TO_32_BIT_CONVERSION = YES;
				GCC_WARN_ABOUT_RETURN_TYPE = YES_ERROR;
				GCC_WARN_UNDECLARED_SELECTOR = YES;
				GCC_WARN_UNINITIALIZED_AUTOS = YES_AGGRESSIVE;
				GCC_WARN_UNUSED_FUNCTION = YES;
				GCC_WARN_UNUSED_VARIABLE = YES;
				IPHONEOS_DEPLOYMENT_TARGET = 13.5;
				MTL_ENABLE_DEBUG_INFO = INCLUDE_SOURCE;
				MTL_FAST_MATH = YES;
				ONLY_ACTIVE_ARCH = YES;
				SDKROOT = iphoneos;
				SWIFT_ACTIVE_COMPILATION_CONDITIONS = DEBUG;
				SWIFT_OPTIMIZATION_LEVEL = "-Onone";
			};
			name = Debug;
		};
		BAA1139C248C16260008F57D /* Release */ = {
			isa = XCBuildConfiguration;
			buildSettings = {
				ALWAYS_SEARCH_USER_PATHS = NO;
				CLANG_ANALYZER_NONNULL = YES;
				CLANG_ANALYZER_NUMBER_OBJECT_CONVERSION = YES_AGGRESSIVE;
				CLANG_CXX_LANGUAGE_STANDARD = "gnu++14";
				CLANG_CXX_LIBRARY = "libc++";
				CLANG_ENABLE_MODULES = YES;
				CLANG_ENABLE_OBJC_ARC = YES;
				CLANG_ENABLE_OBJC_WEAK = YES;
				CLANG_WARN_BLOCK_CAPTURE_AUTORELEASING = YES;
				CLANG_WARN_BOOL_CONVERSION = YES;
				CLANG_WARN_COMMA = YES;
				CLANG_WARN_CONSTANT_CONVERSION = YES;
				CLANG_WARN_DEPRECATED_OBJC_IMPLEMENTATIONS = YES;
				CLANG_WARN_DIRECT_OBJC_ISA_USAGE = YES_ERROR;
				CLANG_WARN_DOCUMENTATION_COMMENTS = YES;
				CLANG_WARN_EMPTY_BODY = YES;
				CLANG_WARN_ENUM_CONVERSION = YES;
				CLANG_WARN_INFINITE_RECURSION = YES;
				CLANG_WARN_INT_CONVERSION = YES;
				CLANG_WARN_NON_LITERAL_NULL_CONVERSION = YES;
				CLANG_WARN_OBJC_IMPLICIT_RETAIN_SELF = YES;
				CLANG_WARN_OBJC_LITERAL_CONVERSION = YES;
				CLANG_WARN_OBJC_ROOT_CLASS = YES_ERROR;
				CLANG_WARN_RANGE_LOOP_ANALYSIS = YES;
				CLANG_WARN_STRICT_PROTOTYPES = YES;
				CLANG_WARN_SUSPICIOUS_MOVE = YES;
				CLANG_WARN_UNGUARDED_AVAILABILITY = YES_AGGRESSIVE;
				CLANG_WARN_UNREACHABLE_CODE = YES;
				CLANG_WARN__DUPLICATE_METHOD_MATCH = YES;
				COPY_PHASE_STRIP = NO;
				DEBUG_INFORMATION_FORMAT = "dwarf-with-dsym";
				ENABLE_NS_ASSERTIONS = NO;
				ENABLE_STRICT_OBJC_MSGSEND = YES;
				GCC_C_LANGUAGE_STANDARD = gnu11;
				GCC_NO_COMMON_BLOCKS = YES;
				GCC_WARN_64_TO_32_BIT_CONVERSION = YES;
				GCC_WARN_ABOUT_RETURN_TYPE = YES_ERROR;
				GCC_WARN_UNDECLARED_SELECTOR = YES;
				GCC_WARN_UNINITIALIZED_AUTOS = YES_AGGRESSIVE;
				GCC_WARN_UNUSED_FUNCTION = YES;
				GCC_WARN_UNUSED_VARIABLE = YES;
				IPHONEOS_DEPLOYMENT_TARGET = 13.5;
				MTL_ENABLE_DEBUG_INFO = NO;
				MTL_FAST_MATH = YES;
				SDKROOT = iphoneos;
				SWIFT_COMPILATION_MODE = wholemodule;
				SWIFT_OPTIMIZATION_LEVEL = "-O";
				VALIDATE_PRODUCT = YES;
			};
			name = Release;
		};
		BAA1139E248C16260008F57D /* Debug */ = {
			isa = XCBuildConfiguration;
			buildSettings = {
				ASSETCATALOG_COMPILER_APPICON_NAME = AppIcon;
				CODE_SIGN_STYLE = Automatic;
				DEVELOPMENT_TEAM = 49TZU6B4Y9;
				INFOPLIST_FILE = "Tell Me Story/Info.plist";
				LD_RUNPATH_SEARCH_PATHS = (
					"$(inherited)",
					"@executable_path/Frameworks",
				);
				PRODUCT_BUNDLE_IDENTIFIER = "com.edwin.Tell-Me-Story";
				PRODUCT_NAME = "$(TARGET_NAME)";
				SWIFT_VERSION = 5.0;
				TARGETED_DEVICE_FAMILY = "1,2";
			};
			name = Debug;
		};
		BAA1139F248C16260008F57D /* Release */ = {
			isa = XCBuildConfiguration;
			buildSettings = {
				ASSETCATALOG_COMPILER_APPICON_NAME = AppIcon;
				CODE_SIGN_STYLE = Automatic;
				DEVELOPMENT_TEAM = 49TZU6B4Y9;
				INFOPLIST_FILE = "Tell Me Story/Info.plist";
				LD_RUNPATH_SEARCH_PATHS = (
					"$(inherited)",
					"@executable_path/Frameworks",
				);
				PRODUCT_BUNDLE_IDENTIFIER = "com.edwin.Tell-Me-Story";
				PRODUCT_NAME = "$(TARGET_NAME)";
				SWIFT_VERSION = 5.0;
				TARGETED_DEVICE_FAMILY = "1,2";
			};
			name = Release;
		};
/* End XCBuildConfiguration section */

/* Begin XCConfigurationList section */
		BAA11384248C16240008F57D /* Build configuration list for PBXProject "Tell Me Story" */ = {
			isa = XCConfigurationList;
			buildConfigurations = (
				BAA1139B248C16260008F57D /* Debug */,
				BAA1139C248C16260008F57D /* Release */,
			);
			defaultConfigurationIsVisible = 0;
			defaultConfigurationName = Release;
		};
		BAA1139D248C16260008F57D /* Build configuration list for PBXNativeTarget "Tell Me Story" */ = {
			isa = XCConfigurationList;
			buildConfigurations = (
				BAA1139E248C16260008F57D /* Debug */,
				BAA1139F248C16260008F57D /* Release */,
			);
			defaultConfigurationIsVisible = 0;
			defaultConfigurationName = Release;
		};
/* End XCConfigurationList section */
	};
	rootObject = BAA11381248C16240008F57D /* Project object */;
}
